// !$*UTF8*$!
{
	archiveVersion = 1;
	classes = {
	};
	objectVersion = 56;
	objects = {

/* Begin PBXBuildFile section */
		4D6BB5FD96B07951E22DDDC2 /* Pods_Aug_24_GoogleMapsDemo.framework in Frameworks */ = {isa = PBXBuildFile; fileRef = C74BC57CECE2A484A90320EA /* Pods_Aug_24_GoogleMapsDemo.framework */; };
		68A1D1332CE1D1F00000AB85 /* AppDelegate.swift in Sources */ = {isa = PBXBuildFile; fileRef = 68A1D1322CE1D1F00000AB85 /* AppDelegate.swift */; };
		68A1D1352CE1D1F00000AB85 /* SceneDelegate.swift in Sources */ = {isa = PBXBuildFile; fileRef = 68A1D1342CE1D1F00000AB85 /* SceneDelegate.swift */; };
		68A1D1372CE1D1F00000AB85 /* ViewController.swift in Sources */ = {isa = PBXBuildFile; fileRef = 68A1D1362CE1D1F00000AB85 /* ViewController.swift */; };
		68A1D13A2CE1D1F00000AB85 /* Base in Resources */ = {isa = PBXBuildFile; fileRef = 68A1D1392CE1D1F00000AB85 /* Base */; };
		68A1D13C2CE1D1F10000AB85 /* Assets.xcassets in Resources */ = {isa = PBXBuildFile; fileRef = 68A1D13B2CE1D1F10000AB85 /* Assets.xcassets */; };
		68A1D13F2CE1D1F10000AB85 /* Base in Resources */ = {isa = PBXBuildFile; fileRef = 68A1D13E2CE1D1F10000AB85 /* Base */; };
/* End PBXBuildFile section */

/* Begin PBXFileReference section */
		68A1D12F2CE1D1F00000AB85 /* Aug_24_GoogleMapsDemo.app */ = {isa = PBXFileReference; explicitFileType = wrapper.application; includeInIndex = 0; path = Aug_24_GoogleMapsDemo.app; sourceTree = BUILT_PRODUCTS_DIR; };
		68A1D1322CE1D1F00000AB85 /* AppDelegate.swift */ = {isa = PBXFileReference; lastKnownFileType = sourcecode.swift; path = AppDelegate.swift; sourceTree = "<group>"; };
		68A1D1342CE1D1F00000AB85 /* SceneDelegate.swift */ = {isa = PBXFileReference; lastKnownFileType = sourcecode.swift; path = SceneDelegate.swift; sourceTree = "<group>"; };
		68A1D1362CE1D1F00000AB85 /* ViewController.swift */ = {isa = PBXFileReference; lastKnownFileType = sourcecode.swift; path = ViewController.swift; sourceTree = "<group>"; };
		68A1D1392CE1D1F00000AB85 /* Base */ = {isa = PBXFileReference; lastKnownFileType = file.storyboard; name = Base; path = Base.lproj/Main.storyboard; sourceTree = "<group>"; };
		68A1D13B2CE1D1F10000AB85 /* Assets.xcassets */ = {isa = PBXFileReference; lastKnownFileType = folder.assetcatalog; path = Assets.xcassets; sourceTree = "<group>"; };
		68A1D13E2CE1D1F10000AB85 /* Base */ = {isa = PBXFileReference; lastKnownFileType = file.storyboard; name = Base; path = Base.lproj/LaunchScreen.storyboard; sourceTree = "<group>"; };
		68A1D1402CE1D1F10000AB85 /* Info.plist */ = {isa = PBXFileReference; lastKnownFileType = text.plist.xml; path = Info.plist; sourceTree = "<group>"; };
		9CD8EEE132A800CF5752C890 /* Pods-Aug_24_GoogleMapsDemo.release.xcconfig */ = {isa = PBXFileReference; includeInIndex = 1; lastKnownFileType = text.xcconfig; name = "Pods-Aug_24_GoogleMapsDemo.release.xcconfig"; path = "Target Support Files/Pods-Aug_24_GoogleMapsDemo/Pods-Aug_24_GoogleMapsDemo.release.xcconfig"; sourceTree = "<group>"; };
		C74BC57CECE2A484A90320EA /* Pods_Aug_24_GoogleMapsDemo.framework */ = {isa = PBXFileReference; explicitFileType = wrapper.framework; includeInIndex = 0; path = Pods_Aug_24_GoogleMapsDemo.framework; sourceTree = BUILT_PRODUCTS_DIR; };
		F9B4CE772CB0B42AA72D4EF4 /* Pods-Aug_24_GoogleMapsDemo.debug.xcconfig */ = {isa = PBXFileReference; includeInIndex = 1; lastKnownFileType = text.xcconfig; name = "Pods-Aug_24_GoogleMapsDemo.debug.xcconfig"; path = "Target Support Files/Pods-Aug_24_GoogleMapsDemo/Pods-Aug_24_GoogleMapsDemo.debug.xcconfig"; sourceTree = "<group>"; };
/* End PBXFileReference section */

/* Begin PBXFrameworksBuildPhase section */
		68A1D12C2CE1D1F00000AB85 /* Frameworks */ = {
			isa = PBXFrameworksBuildPhase;
			buildActionMask = 2147483647;
			files = (
				4D6BB5FD96B07951E22DDDC2 /* Pods_Aug_24_GoogleMapsDemo.framework in Frameworks */,
			);
			runOnlyForDeploymentPostprocessing = 0;
		};
/* End PBXFrameworksBuildPhase section */

/* Begin PBXGroup section */
		60FA2D538A2DB9FCA530FC65 /* Frameworks */ = {
			isa = PBXGroup;
			children = (
				C74BC57CECE2A484A90320EA /* Pods_Aug_24_GoogleMapsDemo.framework */,
			);
			name = Frameworks;
			sourceTree = "<group>";
		};
		68A1D1262CE1D1F00000AB85 = {
			isa = PBXGroup;
			children = (
				68A1D1312CE1D1F00000AB85 /* Aug_24_GoogleMapsDemo */,
				68A1D1302CE1D1F00000AB85 /* Products */,
				77BFE5D8E3B23FAD60E801F2 /* Pods */,
				60FA2D538A2DB9FCA530FC65 /* Frameworks */,
			);
			sourceTree = "<group>";
		};
		68A1D1302CE1D1F00000AB85 /* Products */ = {
			isa = PBXGroup;
			children = (
				68A1D12F2CE1D1F00000AB85 /* Aug_24_GoogleMapsDemo.app */,
			);
			name = Products;
			sourceTree = "<group>";
		};
		68A1D1312CE1D1F00000AB85 /* Aug_24_GoogleMapsDemo */ = {
			isa = PBXGroup;
			children = (
				68A1D1322CE1D1F00000AB85 /* AppDelegate.swift */,
				68A1D1342CE1D1F00000AB85 /* SceneDelegate.swift */,
				68A1D1362CE1D1F00000AB85 /* ViewController.swift */,
				68A1D1382CE1D1F00000AB85 /* Main.storyboard */,
				68A1D13B2CE1D1F10000AB85 /* Assets.xcassets */,
				68A1D13D2CE1D1F10000AB85 /* LaunchScreen.storyboard */,
				68A1D1402CE1D1F10000AB85 /* Info.plist */,
			);
			path = Aug_24_GoogleMapsDemo;
			sourceTree = "<group>";
		};
		77BFE5D8E3B23FAD60E801F2 /* Pods */ = {
			isa = PBXGroup;
			children = (
				F9B4CE772CB0B42AA72D4EF4 /* Pods-Aug_24_GoogleMapsDemo.debug.xcconfig */,
				9CD8EEE132A800CF5752C890 /* Pods-Aug_24_GoogleMapsDemo.release.xcconfig */,
			);
			path = Pods;
			sourceTree = "<group>";
		};
/* End PBXGroup section */

/* Begin PBXNativeTarget section */
		68A1D12E2CE1D1F00000AB85 /* Aug_24_GoogleMapsDemo */ = {
			isa = PBXNativeTarget;
			buildConfigurationList = 68A1D1432CE1D1F10000AB85 /* Build configuration list for PBXNativeTarget "Aug_24_GoogleMapsDemo" */;
			buildPhases = (
				019049E9128C387B10BC141E /* [CP] Check Pods Manifest.lock */,
				68A1D12B2CE1D1F00000AB85 /* Sources */,
				68A1D12C2CE1D1F00000AB85 /* Frameworks */,
				68A1D12D2CE1D1F00000AB85 /* Resources */,
				B95034782C5E394D0644A5DC /* [CP] Copy Pods Resources */,
			);
			buildRules = (
			);
			dependencies = (
			);
			name = Aug_24_GoogleMapsDemo;
			productName = Aug_24_GoogleMapsDemo;
			productReference = 68A1D12F2CE1D1F00000AB85 /* Aug_24_GoogleMapsDemo.app */;
			productType = "com.apple.product-type.application";
		};
/* End PBXNativeTarget section */

/* Begin PBXProject section */
		68A1D1272CE1D1F00000AB85 /* Project object */ = {
			isa = PBXProject;
			attributes = {
				BuildIndependentTargetsInParallel = 1;
				LastSwiftUpdateCheck = 1540;
				LastUpgradeCheck = 1540;
				TargetAttributes = {
					68A1D12E2CE1D1F00000AB85 = {
						CreatedOnToolsVersion = 15.4;
					};
				};
			};
			buildConfigurationList = 68A1D12A2CE1D1F00000AB85 /* Build configuration list for PBXProject "Aug_24_GoogleMapsDemo" */;
			compatibilityVersion = "Xcode 14.0";
			developmentRegion = en;
			hasScannedForEncodings = 0;
			knownRegions = (
				en,
				Base,
			);
			mainGroup = 68A1D1262CE1D1F00000AB85;
			productRefGroup = 68A1D1302CE1D1F00000AB85 /* Products */;
			projectDirPath = "";
			projectRoot = "";
			targets = (
				68A1D12E2CE1D1F00000AB85 /* Aug_24_GoogleMapsDemo */,
			);
		};
/* End PBXProject section */

/* Begin PBXResourcesBuildPhase section */
		68A1D12D2CE1D1F00000AB85 /* Resources */ = {
			isa = PBXResourcesBuildPhase;
			buildActionMask = 2147483647;
			files = (
				68A1D13C2CE1D1F10000AB85 /* Assets.xcassets in Resources */,
				68A1D13F2CE1D1F10000AB85 /* Base in Resources */,
				68A1D13A2CE1D1F00000AB85 /* Base in Resources */,
			);
			runOnlyForDeploymentPostprocessing = 0;
		};
/* End PBXResourcesBuildPhase section */

/* Begin PBXShellScriptBuildPhase section */
		019049E9128C387B10BC141E /* [CP] Check Pods Manifest.lock */ = {
			isa = PBXShellScriptBuildPhase;
			buildActionMask = 2147483647;
			files = (
			);
			inputFileListPaths = (
			);
			inputPaths = (
				"${PODS_PODFILE_DIR_PATH}/Podfile.lock",
				"${PODS_ROOT}/Manifest.lock",
			);
			name = "[CP] Check Pods Manifest.lock";
			outputFileListPaths = (
			);
			outputPaths = (
				"$(DERIVED_FILE_DIR)/Pods-Aug_24_GoogleMapsDemo-checkManifestLockResult.txt",
			);
			runOnlyForDeploymentPostprocessing = 0;
			shellPath = /bin/sh;
			shellScript = "diff \"${PODS_PODFILE_DIR_PATH}/Podfile.lock\" \"${PODS_ROOT}/Manifest.lock\" > /dev/null\nif [ $? != 0 ] ; then\n    # print error to STDERR\n    echo \"error: The sandbox is not in sync with the Podfile.lock. Run 'pod install' or update your CocoaPods installation.\" >&2\n    exit 1\nfi\n# This output is used by Xcode 'outputs' to avoid re-running this script phase.\necho \"SUCCESS\" > \"${SCRIPT_OUTPUT_FILE_0}\"\n";
			showEnvVarsInLog = 0;
		};
		B95034782C5E394D0644A5DC /* [CP] Copy Pods Resources */ = {
			isa = PBXShellScriptBuildPhase;
			buildActionMask = 2147483647;
			files = (
			);
			inputFileListPaths = (
				"${PODS_ROOT}/Target Support Files/Pods-Aug_24_GoogleMapsDemo/Pods-Aug_24_GoogleMapsDemo-resources-${CONFIGURATION}-input-files.xcfilelist",
			);
			name = "[CP] Copy Pods Resources";
			outputFileListPaths = (
				"${PODS_ROOT}/Target Support Files/Pods-Aug_24_GoogleMapsDemo/Pods-Aug_24_GoogleMapsDemo-resources-${CONFIGURATION}-output-files.xcfilelist",
			);
			runOnlyForDeploymentPostprocessing = 0;
			shellPath = /bin/sh;
			shellScript = "\"${PODS_ROOT}/Target Support Files/Pods-Aug_24_GoogleMapsDemo/Pods-Aug_24_GoogleMapsDemo-resources.sh\"\n";
			showEnvVarsInLog = 0;
		};
/* End PBXShellScriptBuildPhase section */

/* Begin PBXSourcesBuildPhase section */
		68A1D12B2CE1D1F00000AB85 /* Sources */ = {
			isa = PBXSourcesBuildPhase;
			buildActionMask = 2147483647;
			files = (
				68A1D1372CE1D1F00000AB85 /* ViewController.swift in Sources */,
				68A1D1332CE1D1F00000AB85 /* AppDelegate.swift in Sources */,
				68A1D1352CE1D1F00000AB85 /* SceneDelegate.swift in Sources */,
			);
			runOnlyForDeploymentPostprocessing = 0;
		};
/* End PBXSourcesBuildPhase section */

/* Begin PBXVariantGroup section */
		68A1D1382CE1D1F00000AB85 /* Main.storyboard */ = {
			isa = PBXVariantGroup;
			children = (
				68A1D1392CE1D1F00000AB85 /* Base */,
			);
			name = Main.storyboard;
			sourceTree = "<group>";
		};
		68A1D13D2CE1D1F10000AB85 /* LaunchScreen.storyboard */ = {
			isa = PBXVariantGroup;
			children = (
				68A1D13E2CE1D1F10000AB85 /* Base */,
			);
			name = LaunchScreen.storyboard;
			sourceTree = "<group>";
		};
/* End PBXVariantGroup section */

/* Begin XCBuildConfiguration section */
		68A1D1412CE1D1F10000AB85 /* Debug */ = {
			isa = XCBuildConfiguration;
			buildSettings = {
				ALWAYS_SEARCH_USER_PATHS = NO;
				ASSETCATALOG_COMPILER_GENERATE_SWIFT_ASSET_SYMBOL_EXTENSIONS = YES;
				CLANG_ANALYZER_NONNULL = YES;
				CLANG_ANALYZER_NUMBER_OBJECT_CONVERSION = YES_AGGRESSIVE;
				CLANG_CXX_LANGUAGE_STANDARD = "gnu++20";
				CLANG_ENABLE_MODULES = YES;
				CLANG_ENABLE_OBJC_ARC = YES;
				CLANG_ENABLE_OBJC_WEAK = YES;
				CLANG_WARN_BLOCK_CAPTURE_AUTORELEASING = YES;
				CLANG_WARN_BOOL_CONVERSION = YES;
				CLANG_WARN_COMMA = YES;
				CLANG_WARN_CONSTANT_CONVERSION = YES;
				CLANG_WARN_DEPRECATED_OBJC_IMPLEMENTATIONS = YES;
				CLANG_WARN_DIRECT_OBJC_ISA_USAGE = YES_ERROR;
				CLANG_WARN_DOCUMENTATION_COMMENTS = YES;
				CLANG_WARN_EMPTY_BODY = YES;
				CLANG_WARN_ENUM_CONVERSION = YES;
				CLANG_WARN_INFINITE_RECURSION = YES;
				CLANG_WARN_INT_CONVERSION = YES;
				CLANG_WARN_NON_LITERAL_NULL_CONVERSION = YES;
				CLANG_WARN_OBJC_IMPLICIT_RETAIN_SELF = YES;
				CLANG_WARN_OBJC_LITERAL_CONVERSION = YES;
				CLANG_WARN_OBJC_ROOT_CLASS = YES_ERROR;
				CLANG_WARN_QUOTED_INCLUDE_IN_FRAMEWORK_HEADER = YES;
				CLANG_WARN_RANGE_LOOP_ANALYSIS = YES;
				CLANG_WARN_STRICT_PROTOTYPES = YES;
				CLANG_WARN_SUSPICIOUS_MOVE = YES;
				CLANG_WARN_UNGUARDED_AVAILABILITY = YES_AGGRESSIVE;
				CLANG_WARN_UNREACHABLE_CODE = YES;
				CLANG_WARN__DUPLICATE_METHOD_MATCH = YES;
				COPY_PHASE_STRIP = NO;
				DEBUG_INFORMATION_FORMAT = dwarf;
				ENABLE_STRICT_OBJC_MSGSEND = YES;
				ENABLE_TESTABILITY = YES;
				ENABLE_USER_SCRIPT_SANDBOXING = NO;
				"EXCLUDED_ARCHS[sdk=*]" = arm64;
				GCC_C_LANGUAGE_STANDARD = gnu17;
				GCC_DYNAMIC_NO_PIC = NO;
				GCC_NO_COMMON_BLOCKS = YES;
				GCC_OPTIMIZATION_LEVEL = 0;
				GCC_PREPROCESSOR_DEFINITIONS = (
					"DEBUG=1",
					"$(inherited)",
				);
				GCC_WARN_64_TO_32_BIT_CONVERSION = YES;
				GCC_WARN_ABOUT_RETURN_TYPE = YES_ERROR;
				GCC_WARN_UNDECLARED_SELECTOR = YES;
				GCC_WARN_UNINITIALIZED_AUTOS = YES_AGGRESSIVE;
				GCC_WARN_UNUSED_FUNCTION = YES;
				GCC_WARN_UNUSED_VARIABLE = YES;
				IPHONEOS_DEPLOYMENT_TARGET = 17.5;
				LOCALIZATION_PREFERS_STRING_CATALOGS = YES;
				MTL_ENABLE_DEBUG_INFO = INCLUDE_SOURCE;
				MTL_FAST_MATH = YES;
				ONLY_ACTIVE_ARCH = YES;
				SDKROOT = iphoneos;
				SWIFT_ACTIVE_COMPILATION_CONDITIONS = "DEBUG $(inherited)";
				SWIFT_OPTIMIZATION_LEVEL = "-Onone";
			};
			name = Debug;
		};
		68A1D1422CE1D1F10000AB85 /* Release */ = {
			isa = XCBuildConfiguration;
			buildSettings = {
				ALWAYS_SEARCH_USER_PATHS = NO;
				ASSETCATALOG_COMPILER_GENERATE_SWIFT_ASSET_SYMBOL_EXTENSIONS = YES;
				CLANG_ANALYZER_NONNULL = YES;
				CLANG_ANALYZER_NUMBER_OBJECT_CONVERSION = YES_AGGRESSIVE;
				CLANG_CXX_LANGUAGE_STANDARD = "gnu++20";
				CLANG_ENABLE_MODULES = YES;
				CLANG_ENABLE_OBJC_ARC = YES;
				CLANG_ENABLE_OBJC_WEAK = YES;
				CLANG_WARN_BLOCK_CAPTURE_AUTORELEASING = YES;
				CLANG_WARN_BOOL_CONVERSION = YES;
				CLANG_WARN_COMMA = YES;
				CLANG_WARN_CONSTANT_CONVERSION = YES;
				CLANG_WARN_DEPRECATED_OBJC_IMPLEMENTATIONS = YES;
				CLANG_WARN_DIRECT_OBJC_ISA_USAGE = YES_ERROR;
				CLANG_WARN_DOCUMENTATION_COMMENTS = YES;
				CLANG_WARN_EMPTY_BODY = YES;
				CLANG_WARN_ENUM_CONVERSION = YES;
				CLANG_WARN_INFINITE_RECURSION = YES;
				CLANG_WARN_INT_CONVERSION = YES;
				CLANG_WARN_NON_LITERAL_NULL_CONVERSION = YES;
				CLANG_WARN_OBJC_IMPLICIT_RETAIN_SELF = YES;
				CLANG_WARN_OBJC_LITERAL_CONVERSION = YES;
				CLANG_WARN_OBJC_ROOT_CLASS = YES_ERROR;
				CLANG_WARN_QUOTED_INCLUDE_IN_FRAMEWORK_HEADER = YES;
				CLANG_WARN_RANGE_LOOP_ANALYSIS = YES;
				CLANG_WARN_STRICT_PROTOTYPES = YES;
				CLANG_WARN_SUSPICIOUS_MOVE = YES;
				CLANG_WARN_UNGUARDED_AVAILABILITY = YES_AGGRESSIVE;
				CLANG_WARN_UNREACHABLE_CODE = YES;
				CLANG_WARN__DUPLICATE_METHOD_MATCH = YES;
				COPY_PHASE_STRIP = NO;
				DEBUG_INFORMATION_FORMAT = "dwarf-with-dsym";
				ENABLE_NS_ASSERTIONS = NO;
				ENABLE_STRICT_OBJC_MSGSEND = YES;
				ENABLE_USER_SCRIPT_SANDBOXING = NO;
				"EXCLUDED_ARCHS[sdk=*]" = arm64;
				GCC_C_LANGUAGE_STANDARD = gnu17;
				GCC_NO_COMMON_BLOCKS = YES;
				GCC_WARN_64_TO_32_BIT_CONVERSION = YES;
				GCC_WARN_ABOUT_RETURN_TYPE = YES_ERROR;
				GCC_WARN_UNDECLARED_SELECTOR = YES;
				GCC_WARN_UNINITIALIZED_AUTOS = YES_AGGRESSIVE;
				GCC_WARN_UNUSED_FUNCTION = YES;
				GCC_WARN_UNUSED_VARIABLE = YES;
				IPHONEOS_DEPLOYMENT_TARGET = 17.5;
				LOCALIZATION_PREFERS_STRING_CATALOGS = YES;
				MTL_ENABLE_DEBUG_INFO = NO;
				MTL_FAST_MATH = YES;
				SDKROOT = iphoneos;
				SWIFT_COMPILATION_MODE = wholemodule;
				VALIDATE_PRODUCT = YES;
			};
			name = Release;
		};
		68A1D1442CE1D1F10000AB85 /* Debug */ = {
			isa = XCBuildConfiguration;
			baseConfigurationReference = F9B4CE772CB0B42AA72D4EF4 /* Pods-Aug_24_GoogleMapsDemo.debug.xcconfig */;
			buildSettings = {
				ASSETCATALOG_COMPILER_APPICON_NAME = AppIcon;
				ASSETCATALOG_COMPILER_GLOBAL_ACCENT_COLOR_NAME = AccentColor;
				CODE_SIGN_STYLE = Automatic;
				CURRENT_PROJECT_VERSION = 1;
				DEVELOPMENT_TEAM = W669X37752;
				GENERATE_INFOPLIST_FILE = YES;
				INFOPLIST_FILE = Aug_24_GoogleMapsDemo/Info.plist;
				INFOPLIST_KEY_UIApplicationSupportsIndirectInputEvents = YES;
				INFOPLIST_KEY_UILaunchStoryboardName = LaunchScreen;
				INFOPLIST_KEY_UIMainStoryboardFile = Main;
				INFOPLIST_KEY_UISupportedInterfaceOrientations_iPad = "UIInterfaceOrientationPortrait UIInterfaceOrientationPortraitUpsideDown UIInterfaceOrientationLandscapeLeft UIInterfaceOrientationLandscapeRight";
				INFOPLIST_KEY_UISupportedInterfaceOrientations_iPhone = "UIInterfaceOrientationPortrait UIInterfaceOrientationLandscapeLeft UIInterfaceOrientationLandscapeRight";
				LD_RUNPATH_SEARCH_PATHS = (
					"$(inherited)",
					"@executable_path/Frameworks",
				);
				MARKETING_VERSION = 1.0;
				PRODUCT_BUNDLE_IDENTIFIER = "in.bitcode.Aug-24-GoogleMapsDemo";
				PRODUCT_NAME = "$(TARGET_NAME)";
				SWIFT_EMIT_LOC_STRINGS = YES;
				SWIFT_VERSION = 5.0;
				TARGETED_DEVICE_FAMILY = "1,2";
			};
			name = Debug;
		};
		68A1D1452CE1D1F10000AB85 /* Release */ = {
			isa = XCBuildConfiguration;
			baseConfigurationReference = 9CD8EEE132A800CF5752C890 /* Pods-Aug_24_GoogleMapsDemo.release.xcconfig */;
			buildSettings = {
				ASSETCATALOG_COMPILER_APPICON_NAME = AppIcon;
				ASSETCATALOG_COMPILER_GLOBAL_ACCENT_COLOR_NAME = AccentColor;
				CODE_SIGN_STYLE = Automatic;
				CURRENT_PROJECT_VERSION = 1;
				DEVELOPMENT_TEAM = W669X37752;
				GENERATE_INFOPLIST_FILE = YES;
				INFOPLIST_FILE = Aug_24_GoogleMapsDemo/Info.plist;
				INFOPLIST_KEY_UIApplicationSupportsIndirectInputEvents = YES;
				INFOPLIST_KEY_UILaunchStoryboardName = LaunchScreen;
				INFOPLIST_KEY_UIMainStoryboardFile = Main;
				INFOPLIST_KEY_UISupportedInterfaceOrientations_iPad = "UIInterfaceOrientationPortrait UIInterfaceOrientationPortraitUpsideDown UIInterfaceOrientationLandscapeLeft UIInterfaceOrientationLandscapeRight";
				INFOPLIST_KEY_UISupportedInterfaceOrientations_iPhone = "UIInterfaceOrientationPortrait UIInterfaceOrientationLandscapeLeft UIInterfaceOrientationLandscapeRight";
				LD_RUNPATH_SEARCH_PATHS = (
					"$(inherited)",
					"@executable_path/Frameworks",
				);
				MARKETING_VERSION = 1.0;
				PRODUCT_BUNDLE_IDENTIFIER = "in.bitcode.Aug-24-GoogleMapsDemo";
				PRODUCT_NAME = "$(TARGET_NAME)";
				SWIFT_EMIT_LOC_STRINGS = YES;
				SWIFT_VERSION = 5.0;
				TARGETED_DEVICE_FAMILY = "1,2";
			};
			name = Release;
		};
/* End XCBuildConfiguration section */

/* Begin XCConfigurationList section */
		68A1D12A2CE1D1F00000AB85 /* Build configuration list for PBXProject "Aug_24_GoogleMapsDemo" */ = {
			isa = XCConfigurationList;
			buildConfigurations = (
				68A1D1412CE1D1F10000AB85 /* Debug */,
				68A1D1422CE1D1F10000AB85 /* Release */,
			);
			defaultConfigurationIsVisible = 0;
			defaultConfigurationName = Release;
		};
		68A1D1432CE1D1F10000AB85 /* Build configuration list for PBXNativeTarget "Aug_24_GoogleMapsDemo" */ = {
			isa = XCConfigurationList;
			buildConfigurations = (
				68A1D1442CE1D1F10000AB85 /* Debug */,
				68A1D1452CE1D1F10000AB85 /* Release */,
			);
			defaultConfigurationIsVisible = 0;
			defaultConfigurationName = Release;
		};
/* End XCConfigurationList section */
	};
	rootObject = 68A1D1272CE1D1F00000AB85 /* Project object */;
}
